# THIS IS AN AUTOGENERATED FILE. DO NOT EDIT THIS FILE DIRECTLY.
# yarn lockfile v1


eslint-config-bondarenko-style@^1.1.1:
  version "1.1.1"
  resolved "https://registry.yarnpkg.com/eslint-config-bondarenko-style/-/eslint-config-bondarenko-style-1.1.1.tgz#55a5ebd6edf778c66dd94fd808018afe476f60f4"
  integrity sha512-2IkBdwg5CPb9nrcoPkn/ex1gN8iV8KxNKzt30fq5W0xpigHxXhCwOYgcYHNaKznscTE2MinhDTpHd5N2JyzsCw==
